
Microsoft Visual Studio Solution File, Format Version 12.00
# Visual Studio Version 16
VisualStudioVersion = 16.0.30907.101
MinimumVisualStudioVersion = 10.0.40219.1
Project("{FAE04EC0-301F-11D3-BF4B-00C04F79EFBC}") = "TCC2", "TCC2.csproj", "{5C0E3BDC-A3D7-4624-9890-2812B37E3CBA}"
EndProject
Global
	GlobalSection(SolutionConfigurationPlatforms) = preSolution
		Debug|Any CPU = Debug|Any CPU
		Release|Any CPU = Release|Any CPU
	EndGlobalSection
	GlobalSection(ProjectConfigurationPlatforms) = postSolution
		{5C0E3BDC-A3D7-4624-9890-2812B37E3CBA}.Debug|Any CPU.ActiveCfg = Debug|Any CPU
		{5C0E3BDC-A3D7-4624-9890-2812B37E3CBA}.Debug|Any CPU.Build.0 = Debug|Any CPU
		{5C0E3BDC-A3D7-4624-9890-2812B37E3CBA}.Release|Any CPU.ActiveCfg = Release|Any CPU
		{5C0E3BDC-A3D7-4624-9890-2812B37E3CBA}.Release|Any CPU.Build.0 = Release|Any CPU
	EndGlobalSection
	GlobalSection(SolutionProperties) = preSolution
		HideSolutionNode = FALSE
	EndGlobalSection
	GlobalSection(ExtensibilityGlobals) = postSolution
		SolutionGuid = {C874E0F8-EB48-480B-919B-E872F75CDBE4}
	EndGlobalSection
EndGlobal
