
Microsoft Visual Studio Solution File, Format Version 12.00
# Visual Studio Version 16
VisualStudioVersion = 16.0.30907.101
MinimumVisualStudioVersion = 10.0.40219.1
Project("{FAE04EC0-301F-11D3-BF4B-00C04F79EFBC}") = "TCC2", "TCC2.csproj", "{5C0E3BDC-A3D7-4624-9890-2812B37E3CBA}"
EndProject
Project("{2150E333-8FDC-42A3-9474-1A3956D46DE8}") = "Solution Items", "Solution Items", "{A93DFE8C-9BDF-421C-AEC3-D9700A0D9E89}"
	ProjectSection(SolutionItems) = preProject
		.editorconfig = .editorconfig
	EndProjectSection
EndProject
Global
	GlobalSection(SolutionConfigurationPlatforms) = preSolution
		Debug|Any CPU = Debug|Any CPU
		Debug|x86 = Debug|x86
		Release|Any CPU = Release|Any CPU
		Release|x86 = Release|x86
	EndGlobalSection
	GlobalSection(ProjectConfigurationPlatforms) = postSolution
		{5C0E3BDC-A3D7-4624-9890-2812B37E3CBA}.Debug|Any CPU.ActiveCfg = Debug|Any CPU
		{5C0E3BDC-A3D7-4624-9890-2812B37E3CBA}.Debug|Any CPU.Build.0 = Debug|Any CPU
		{5C0E3BDC-A3D7-4624-9890-2812B37E3CBA}.Debug|x86.ActiveCfg = Debug|Any CPU
		{5C0E3BDC-A3D7-4624-9890-2812B37E3CBA}.Debug|x86.Build.0 = Debug|Any CPU
		{5C0E3BDC-A3D7-4624-9890-2812B37E3CBA}.Release|Any CPU.ActiveCfg = Release|Any CPU
		{5C0E3BDC-A3D7-4624-9890-2812B37E3CBA}.Release|Any CPU.Build.0 = Release|Any CPU
		{5C0E3BDC-A3D7-4624-9890-2812B37E3CBA}.Release|x86.ActiveCfg = Release|Any CPU
		{5C0E3BDC-A3D7-4624-9890-2812B37E3CBA}.Release|x86.Build.0 = Release|Any CPU
	EndGlobalSection
	GlobalSection(SolutionProperties) = preSolution
		HideSolutionNode = FALSE
	EndGlobalSection
	GlobalSection(ExtensibilityGlobals) = postSolution
		SolutionGuid = {C874E0F8-EB48-480B-919B-E872F75CDBE4}
	EndGlobalSection
EndGlobal
